
Microsoft Visual Studio Solution File, Format Version 12.00
# Visual Studio Version 16
VisualStudioVersion = 16.0.29728.190
MinimumVisualStudioVersion = 10.0.40219.1
Project("{9A19103F-16F7-4668-BE54-9A1E7A4F7556}") = "WebAPI", "WebAPI.csproj", "{F8EEDFA7-64F7-4C62-A5B9-354A6F7C8709}"
EndProject
Global
	GlobalSection(SolutionConfigurationPlatforms) = preSolution
		Debug|Any CPU = Debug|Any CPU
		Release|Any CPU = Release|Any CPU
	EndGlobalSection
	GlobalSection(ProjectConfigurationPlatforms) = postSolution
		{F8EEDFA7-64F7-4C62-A5B9-354A6F7C8709}.Debug|Any CPU.ActiveCfg = Debug|Any CPU
		{F8EEDFA7-64F7-4C62-A5B9-354A6F7C8709}.Debug|Any CPU.Build.0 = Debug|Any CPU
		{F8EEDFA7-64F7-4C62-A5B9-354A6F7C8709}.Release|Any CPU.ActiveCfg = Release|Any CPU
		{F8EEDFA7-64F7-4C62-A5B9-354A6F7C8709}.Release|Any CPU.Build.0 = Release|Any CPU
	EndGlobalSection
	GlobalSection(SolutionProperties) = preSolution
		HideSolutionNode = FALSE
	EndGlobalSection
	GlobalSection(ExtensibilityGlobals) = postSolution
		SolutionGuid = {236607A7-0F7B-4A44-B74A-4A58E648EECF}
	EndGlobalSection
EndGlobal
